
Microsoft Visual Studio Solution File, Format Version 12.00
# Visual Studio Version 16
VisualStudioVersion = 16.0.31829.152
MinimumVisualStudioVersion = 10.0.40219.1
Project("{FAE04EC0-301F-11D3-BF4B-00C04F79EFBC}") = "FibAPI", "FibAPI\FibAPI.csproj", "{B94C8A2D-3D1F-40C3-AEEC-2D32E5E25719}"
EndProject
Global
	GlobalSection(SolutionConfigurationPlatforms) = preSolution
		Debug|Any CPU = Debug|Any CPU
		Release|Any CPU = Release|Any CPU
	EndGlobalSection
	GlobalSection(ProjectConfigurationPlatforms) = postSolution
		{B94C8A2D-3D1F-40C3-AEEC-2D32E5E25719}.Debug|Any CPU.ActiveCfg = Debug|Any CPU
		{B94C8A2D-3D1F-40C3-AEEC-2D32E5E25719}.Debug|Any CPU.Build.0 = Debug|Any CPU
		{B94C8A2D-3D1F-40C3-AEEC-2D32E5E25719}.Release|Any CPU.ActiveCfg = Release|Any CPU
		{B94C8A2D-3D1F-40C3-AEEC-2D32E5E25719}.Release|Any CPU.Build.0 = Release|Any CPU
	EndGlobalSection
	GlobalSection(SolutionProperties) = preSolution
		HideSolutionNode = FALSE
	EndGlobalSection
	GlobalSection(ExtensibilityGlobals) = postSolution
		SolutionGuid = {D2B340D5-8891-4858-AB51-D48DFF68FBA9}
	EndGlobalSection
EndGlobal
